
Microsoft Visual Studio Solution File, Format Version 12.00
# Visual Studio 14
VisualStudioVersion = 14.0.23107.0
MinimumVisualStudioVersion = 10.0.40219.1
Project("{2150E333-8FDC-42A3-9474-1A3956D46DE8}") = "Test", "Test", "{02EF8FD6-087A-49A5-A328-FDC02630BCE9}"
EndProject
Project("{2150E333-8FDC-42A3-9474-1A3956D46DE8}") = "Lib", "Lib", "{E4B0CAB6-D456-41A0-8BD0-06F5DD1F1B33}"
EndProject
Project("{FAE04EC0-301F-11D3-BF4B-00C04F79EFBC}") = "RestEasyClient", "RestEasyClient\RestEasyClient.csproj", "{8B0FE199-7B7B-420B-923E-8EDA3EBAAE8D}"
EndProject
Global
	GlobalSection(SolutionConfigurationPlatforms) = preSolution
		Debug|Any CPU = Debug|Any CPU
		Release|Any CPU = Release|Any CPU
	EndGlobalSection
	GlobalSection(ProjectConfigurationPlatforms) = postSolution
		{8B0FE199-7B7B-420B-923E-8EDA3EBAAE8D}.Debug|Any CPU.ActiveCfg = Debug|Any CPU
		{8B0FE199-7B7B-420B-923E-8EDA3EBAAE8D}.Debug|Any CPU.Build.0 = Debug|Any CPU
		{8B0FE199-7B7B-420B-923E-8EDA3EBAAE8D}.Release|Any CPU.ActiveCfg = Release|Any CPU
		{8B0FE199-7B7B-420B-923E-8EDA3EBAAE8D}.Release|Any CPU.Build.0 = Release|Any CPU
	EndGlobalSection
	GlobalSection(SolutionProperties) = preSolution
		HideSolutionNode = FALSE
	EndGlobalSection
	GlobalSection(NestedProjects) = preSolution
		{8B0FE199-7B7B-420B-923E-8EDA3EBAAE8D} = {E4B0CAB6-D456-41A0-8BD0-06F5DD1F1B33}
	EndGlobalSection
EndGlobal
